
Microsoft Visual Studio Solution File, Format Version 12.00
# Visual Studio Version 17
VisualStudioVersion = 17.4.33205.214
MinimumVisualStudioVersion = 10.0.40219.1
Project("{FAE04EC0-301F-11D3-BF4B-00C04F79EFBC}") = "AddressBookProblem", "AddressBookProblem\AddressBookProblem.csproj", "{23BF8D7E-AA84-454A-8142-62ED4A397298}"
EndProject
Global
	GlobalSection(SolutionConfigurationPlatforms) = preSolution
		Debug|Any CPU = Debug|Any CPU
		Release|Any CPU = Release|Any CPU
	EndGlobalSection
	GlobalSection(ProjectConfigurationPlatforms) = postSolution
		{23BF8D7E-AA84-454A-8142-62ED4A397298}.Debug|Any CPU.ActiveCfg = Debug|Any CPU
		{23BF8D7E-AA84-454A-8142-62ED4A397298}.Debug|Any CPU.Build.0 = Debug|Any CPU
		{23BF8D7E-AA84-454A-8142-62ED4A397298}.Release|Any CPU.ActiveCfg = Release|Any CPU
		{23BF8D7E-AA84-454A-8142-62ED4A397298}.Release|Any CPU.Build.0 = Release|Any CPU
	EndGlobalSection
	GlobalSection(SolutionProperties) = preSolution
		HideSolutionNode = FALSE
	EndGlobalSection
	GlobalSection(ExtensibilityGlobals) = postSolution
		SolutionGuid = {3120E9BA-F71F-4EED-BF50-5BAA1EB49F84}
	EndGlobalSection
EndGlobal
